
Microsoft Visual Studio Solution File, Format Version 12.00
# Visual Studio Version 17
VisualStudioVersion = 17.8.34408.163
MinimumVisualStudioVersion = 10.0.40219.1
Project("{9A19103F-16F7-4668-BE54-9A1E7A4F7556}") = "RabbitMq.Producer", "RabbitMq\RabbitMq.Producer.csproj", "{C8D64B62-291A-4B14-ABAC-EAA1D8C28652}"
EndProject
Project("{9A19103F-16F7-4668-BE54-9A1E7A4F7556}") = "RabbitMQ.Consumer", "RabbitMQ.Consumer\RabbitMQ.Consumer.csproj", "{9357106D-5D52-4E56-AF45-D9FD5C9273B1}"
EndProject
Project("{9A19103F-16F7-4668-BE54-9A1E7A4F7556}") = "RabbitMq.Consumer2", "RabbitMq.Consumer2\RabbitMq.Consumer2.csproj", "{120A308C-82AB-42E3-80F8-BB9918EDA21E}"
EndProject
Project("{FAE04EC0-301F-11D3-BF4B-00C04F79EFBC}") = "RabbitMq.ConsumerError", "RabbitMq.ConsumerError\RabbitMq.ConsumerError.csproj", "{47F03655-78D1-4040-8A4C-B210DD4D8EB1}"
EndProject
Global
	GlobalSection(SolutionConfigurationPlatforms) = preSolution
		Debug|Any CPU = Debug|Any CPU
		Release|Any CPU = Release|Any CPU
	EndGlobalSection
	GlobalSection(ProjectConfigurationPlatforms) = postSolution
		{C8D64B62-291A-4B14-ABAC-EAA1D8C28652}.Debug|Any CPU.ActiveCfg = Debug|Any CPU
		{C8D64B62-291A-4B14-ABAC-EAA1D8C28652}.Debug|Any CPU.Build.0 = Debug|Any CPU
		{C8D64B62-291A-4B14-ABAC-EAA1D8C28652}.Release|Any CPU.ActiveCfg = Release|Any CPU
		{C8D64B62-291A-4B14-ABAC-EAA1D8C28652}.Release|Any CPU.Build.0 = Release|Any CPU
		{9357106D-5D52-4E56-AF45-D9FD5C9273B1}.Debug|Any CPU.ActiveCfg = Debug|Any CPU
		{9357106D-5D52-4E56-AF45-D9FD5C9273B1}.Debug|Any CPU.Build.0 = Debug|Any CPU
		{9357106D-5D52-4E56-AF45-D9FD5C9273B1}.Release|Any CPU.ActiveCfg = Release|Any CPU
		{9357106D-5D52-4E56-AF45-D9FD5C9273B1}.Release|Any CPU.Build.0 = Release|Any CPU
		{120A308C-82AB-42E3-80F8-BB9918EDA21E}.Debug|Any CPU.ActiveCfg = Debug|Any CPU
		{120A308C-82AB-42E3-80F8-BB9918EDA21E}.Debug|Any CPU.Build.0 = Debug|Any CPU
		{120A308C-82AB-42E3-80F8-BB9918EDA21E}.Release|Any CPU.ActiveCfg = Release|Any CPU
		{120A308C-82AB-42E3-80F8-BB9918EDA21E}.Release|Any CPU.Build.0 = Release|Any CPU
		{47F03655-78D1-4040-8A4C-B210DD4D8EB1}.Debug|Any CPU.ActiveCfg = Debug|Any CPU
		{47F03655-78D1-4040-8A4C-B210DD4D8EB1}.Debug|Any CPU.Build.0 = Debug|Any CPU
		{47F03655-78D1-4040-8A4C-B210DD4D8EB1}.Release|Any CPU.ActiveCfg = Release|Any CPU
		{47F03655-78D1-4040-8A4C-B210DD4D8EB1}.Release|Any CPU.Build.0 = Release|Any CPU
	EndGlobalSection
	GlobalSection(SolutionProperties) = preSolution
		HideSolutionNode = FALSE
	EndGlobalSection
	GlobalSection(ExtensibilityGlobals) = postSolution
		SolutionGuid = {25A37162-D2BA-419F-A8FE-145E49075F29}
	EndGlobalSection
EndGlobal
